
Microsoft Visual Studio Solution File, Format Version 12.00
# Visual Studio 15
VisualStudioVersion = 15.0.28307.757
MinimumVisualStudioVersion = 10.0.40219.1
Project("{9A19103F-16F7-4668-BE54-9A1E7A4F7556}") = "FibonacciGenerator", "FibonacciGenerator\FibonacciGenerator.csproj", "{3E98EDC3-61D4-4F9F-9287-2A5AFF8F090A}"
EndProject
Project("{9A19103F-16F7-4668-BE54-9A1E7A4F7556}") = "FibonacciGeneratorTests", "FibonacciGeneratorTests\FibonacciGeneratorTests.csproj", "{8DF11327-0A21-4DB8-898C-DE6C329B1050}"
EndProject
Project("{FAE04EC0-301F-11D3-BF4B-00C04F79EFBC}") = "GenericQueue", "Queue\GenericQueue.csproj", "{35A256F7-892C-4AB4-883D-928287B30012}"
EndProject
Project("{FAE04EC0-301F-11D3-BF4B-00C04F79EFBC}") = "GenericQueueTests", "GenericQueueTests\GenericQueueTests.csproj", "{1B178F0A-9F1A-4400-AA1B-329457FAC480}"
EndProject
Global
	GlobalSection(SolutionConfigurationPlatforms) = preSolution
		Debug|Any CPU = Debug|Any CPU
		Release|Any CPU = Release|Any CPU
	EndGlobalSection
	GlobalSection(ProjectConfigurationPlatforms) = postSolution
		{3E98EDC3-61D4-4F9F-9287-2A5AFF8F090A}.Debug|Any CPU.ActiveCfg = Debug|Any CPU
		{3E98EDC3-61D4-4F9F-9287-2A5AFF8F090A}.Debug|Any CPU.Build.0 = Debug|Any CPU
		{3E98EDC3-61D4-4F9F-9287-2A5AFF8F090A}.Release|Any CPU.ActiveCfg = Release|Any CPU
		{3E98EDC3-61D4-4F9F-9287-2A5AFF8F090A}.Release|Any CPU.Build.0 = Release|Any CPU
		{8DF11327-0A21-4DB8-898C-DE6C329B1050}.Debug|Any CPU.ActiveCfg = Debug|Any CPU
		{8DF11327-0A21-4DB8-898C-DE6C329B1050}.Debug|Any CPU.Build.0 = Debug|Any CPU
		{8DF11327-0A21-4DB8-898C-DE6C329B1050}.Release|Any CPU.ActiveCfg = Release|Any CPU
		{8DF11327-0A21-4DB8-898C-DE6C329B1050}.Release|Any CPU.Build.0 = Release|Any CPU
		{35A256F7-892C-4AB4-883D-928287B30012}.Debug|Any CPU.ActiveCfg = Debug|Any CPU
		{35A256F7-892C-4AB4-883D-928287B30012}.Debug|Any CPU.Build.0 = Debug|Any CPU
		{35A256F7-892C-4AB4-883D-928287B30012}.Release|Any CPU.ActiveCfg = Release|Any CPU
		{35A256F7-892C-4AB4-883D-928287B30012}.Release|Any CPU.Build.0 = Release|Any CPU
		{1B178F0A-9F1A-4400-AA1B-329457FAC480}.Debug|Any CPU.ActiveCfg = Debug|Any CPU
		{1B178F0A-9F1A-4400-AA1B-329457FAC480}.Debug|Any CPU.Build.0 = Debug|Any CPU
		{1B178F0A-9F1A-4400-AA1B-329457FAC480}.Release|Any CPU.ActiveCfg = Release|Any CPU
		{1B178F0A-9F1A-4400-AA1B-329457FAC480}.Release|Any CPU.Build.0 = Release|Any CPU
	EndGlobalSection
	GlobalSection(SolutionProperties) = preSolution
		HideSolutionNode = FALSE
	EndGlobalSection
	GlobalSection(ExtensibilityGlobals) = postSolution
		SolutionGuid = {24D45D5C-5446-47DD-8234-967791A3AB22}
	EndGlobalSection
EndGlobal
