
Microsoft Visual Studio Solution File, Format Version 12.00
# Visual Studio 15
VisualStudioVersion = 15.0.28307.757
MinimumVisualStudioVersion = 10.0.40219.1
Project("{FAE04EC0-301F-11D3-BF4B-00C04F79EFBC}") = "WeatherStation", "WeatherStation\WeatherStation.csproj", "{D8DF5B20-067E-41B3-A357-7E37F62CE34B}"
EndProject
Project("{FAE04EC0-301F-11D3-BF4B-00C04F79EFBC}") = "WeatherStationEvent", "WeatherStationEvent\WeatherStationEvent.csproj", "{274A7F88-1B39-414A-A63F-B117EC590BEA}"
EndProject
Global
	GlobalSection(SolutionConfigurationPlatforms) = preSolution
		Debug|Any CPU = Debug|Any CPU
		Release|Any CPU = Release|Any CPU
	EndGlobalSection
	GlobalSection(ProjectConfigurationPlatforms) = postSolution
		{D8DF5B20-067E-41B3-A357-7E37F62CE34B}.Debug|Any CPU.ActiveCfg = Debug|Any CPU
		{D8DF5B20-067E-41B3-A357-7E37F62CE34B}.Debug|Any CPU.Build.0 = Debug|Any CPU
		{D8DF5B20-067E-41B3-A357-7E37F62CE34B}.Release|Any CPU.ActiveCfg = Release|Any CPU
		{D8DF5B20-067E-41B3-A357-7E37F62CE34B}.Release|Any CPU.Build.0 = Release|Any CPU
		{274A7F88-1B39-414A-A63F-B117EC590BEA}.Debug|Any CPU.ActiveCfg = Debug|Any CPU
		{274A7F88-1B39-414A-A63F-B117EC590BEA}.Debug|Any CPU.Build.0 = Debug|Any CPU
		{274A7F88-1B39-414A-A63F-B117EC590BEA}.Release|Any CPU.ActiveCfg = Release|Any CPU
		{274A7F88-1B39-414A-A63F-B117EC590BEA}.Release|Any CPU.Build.0 = Release|Any CPU
	EndGlobalSection
	GlobalSection(SolutionProperties) = preSolution
		HideSolutionNode = FALSE
	EndGlobalSection
	GlobalSection(ExtensibilityGlobals) = postSolution
		SolutionGuid = {830AD365-6309-4C61-BB1E-854DEBA7741E}
	EndGlobalSection
EndGlobal
