
Microsoft Visual Studio Solution File, Format Version 12.00
# Visual Studio 15
VisualStudioVersion = 15.0.28307.757
MinimumVisualStudioVersion = 10.0.40219.1
Project("{FAE04EC0-301F-11D3-BF4B-00C04F79EFBC}") = "PrimeNumbers", "PrimeNumbers\PrimeNumbers.csproj", "{EA64B9F3-CB7D-4C03-9B39-8A90D98E7138}"
EndProject
Project("{FAE04EC0-301F-11D3-BF4B-00C04F79EFBC}") = "PrimeNumbersTests", "PrimeNumbersTests\PrimeNumbersTests.csproj", "{173480D1-2EAD-4906-8BE1-18EC19E60D81}"
EndProject
Project("{FAE04EC0-301F-11D3-BF4B-00C04F79EFBC}") = "CorrectParentheses", "CorrectParentheses\CorrectParentheses.csproj", "{D692B2FA-8704-40AD-A87A-0F745EBA253D}"
EndProject
Project("{FAE04EC0-301F-11D3-BF4B-00C04F79EFBC}") = "CorrectParenthesesTests", "CorrectParenthesesTests\CorrectParenthesesTests.csproj", "{F3FB1A56-E59E-4D77-8F59-F54315567DB2}"
EndProject
Global
	GlobalSection(SolutionConfigurationPlatforms) = preSolution
		Debug|Any CPU = Debug|Any CPU
		Release|Any CPU = Release|Any CPU
	EndGlobalSection
	GlobalSection(ProjectConfigurationPlatforms) = postSolution
		{EA64B9F3-CB7D-4C03-9B39-8A90D98E7138}.Debug|Any CPU.ActiveCfg = Debug|Any CPU
		{EA64B9F3-CB7D-4C03-9B39-8A90D98E7138}.Debug|Any CPU.Build.0 = Debug|Any CPU
		{EA64B9F3-CB7D-4C03-9B39-8A90D98E7138}.Release|Any CPU.ActiveCfg = Release|Any CPU
		{EA64B9F3-CB7D-4C03-9B39-8A90D98E7138}.Release|Any CPU.Build.0 = Release|Any CPU
		{173480D1-2EAD-4906-8BE1-18EC19E60D81}.Debug|Any CPU.ActiveCfg = Debug|Any CPU
		{173480D1-2EAD-4906-8BE1-18EC19E60D81}.Debug|Any CPU.Build.0 = Debug|Any CPU
		{173480D1-2EAD-4906-8BE1-18EC19E60D81}.Release|Any CPU.ActiveCfg = Release|Any CPU
		{173480D1-2EAD-4906-8BE1-18EC19E60D81}.Release|Any CPU.Build.0 = Release|Any CPU
		{D692B2FA-8704-40AD-A87A-0F745EBA253D}.Debug|Any CPU.ActiveCfg = Debug|Any CPU
		{D692B2FA-8704-40AD-A87A-0F745EBA253D}.Debug|Any CPU.Build.0 = Debug|Any CPU
		{D692B2FA-8704-40AD-A87A-0F745EBA253D}.Release|Any CPU.ActiveCfg = Release|Any CPU
		{D692B2FA-8704-40AD-A87A-0F745EBA253D}.Release|Any CPU.Build.0 = Release|Any CPU
		{F3FB1A56-E59E-4D77-8F59-F54315567DB2}.Debug|Any CPU.ActiveCfg = Debug|Any CPU
		{F3FB1A56-E59E-4D77-8F59-F54315567DB2}.Debug|Any CPU.Build.0 = Debug|Any CPU
		{F3FB1A56-E59E-4D77-8F59-F54315567DB2}.Release|Any CPU.ActiveCfg = Release|Any CPU
		{F3FB1A56-E59E-4D77-8F59-F54315567DB2}.Release|Any CPU.Build.0 = Release|Any CPU
	EndGlobalSection
	GlobalSection(SolutionProperties) = preSolution
		HideSolutionNode = FALSE
	EndGlobalSection
	GlobalSection(ExtensibilityGlobals) = postSolution
		SolutionGuid = {D405A3AB-781F-420C-984B-B58D02F968FD}
	EndGlobalSection
EndGlobal
