
Microsoft Visual Studio Solution File, Format Version 12.00
# Visual Studio 15
VisualStudioVersion = 15.0.28307.757
MinimumVisualStudioVersion = 10.0.40219.1
Project("{9A19103F-16F7-4668-BE54-9A1E7A4F7556}") = "1_PrimeNumbers", "PrimeNumbers\1_PrimeNumbers.csproj", "{EA64B9F3-CB7D-4C03-9B39-8A90D98E7138}"
EndProject
Project("{9A19103F-16F7-4668-BE54-9A1E7A4F7556}") = "1_PrimeNumbersTests", "PrimeNumbersTests\1_PrimeNumbersTests.csproj", "{173480D1-2EAD-4906-8BE1-18EC19E60D81}"
EndProject
Project("{9A19103F-16F7-4668-BE54-9A1E7A4F7556}") = "CorrectParentheses", "CorrectParentheses\CorrectParentheses.csproj", "{D692B2FA-8704-40AD-A87A-0F745EBA253D}"
EndProject
Project("{9A19103F-16F7-4668-BE54-9A1E7A4F7556}") = "CorrectParenthesesTests", "CorrectParenthesesTests\CorrectParenthesesTests.csproj", "{F3FB1A56-E59E-4D77-8F59-F54315567DB2}"
EndProject
Project("{FAE04EC0-301F-11D3-BF4B-00C04F79EFBC}") = "3_UniqueWords", "3_UniqueWords\3_UniqueWords.csproj", "{59B9E0E6-F99D-48FF-BE9C-1930026C7EAA}"
EndProject
Project("{FAE04EC0-301F-11D3-BF4B-00C04F79EFBC}") = "3_UniqueWordsTests", "3_UniqueWordsTests\3_UniqueWordsTests.csproj", "{E091CF0A-5E65-4FBD-882B-2FFFA68F8EA0}"
EndProject
Project("{FAE04EC0-301F-11D3-BF4B-00C04F79EFBC}") = "4_CountJosephFlavius", "4_CountJosephFlavius\4_CountJosephFlavius.csproj", "{70BE6AD2-C92E-440F-BB35-79A5262433AF}"
EndProject
Project("{FAE04EC0-301F-11D3-BF4B-00C04F79EFBC}") = "4_CountJosephFlaviusTests", "4_CountJosephFlaviusTests\4_CountJosephFlaviusTests.csproj", "{46F71F4C-33A6-4B1E-8FAF-22EE080B2414}"
EndProject
Global
	GlobalSection(SolutionConfigurationPlatforms) = preSolution
		Debug|Any CPU = Debug|Any CPU
		Release|Any CPU = Release|Any CPU
	EndGlobalSection
	GlobalSection(ProjectConfigurationPlatforms) = postSolution
		{EA64B9F3-CB7D-4C03-9B39-8A90D98E7138}.Debug|Any CPU.ActiveCfg = Debug|Any CPU
		{EA64B9F3-CB7D-4C03-9B39-8A90D98E7138}.Debug|Any CPU.Build.0 = Debug|Any CPU
		{EA64B9F3-CB7D-4C03-9B39-8A90D98E7138}.Release|Any CPU.ActiveCfg = Release|Any CPU
		{EA64B9F3-CB7D-4C03-9B39-8A90D98E7138}.Release|Any CPU.Build.0 = Release|Any CPU
		{173480D1-2EAD-4906-8BE1-18EC19E60D81}.Debug|Any CPU.ActiveCfg = Debug|Any CPU
		{173480D1-2EAD-4906-8BE1-18EC19E60D81}.Debug|Any CPU.Build.0 = Debug|Any CPU
		{173480D1-2EAD-4906-8BE1-18EC19E60D81}.Release|Any CPU.ActiveCfg = Release|Any CPU
		{173480D1-2EAD-4906-8BE1-18EC19E60D81}.Release|Any CPU.Build.0 = Release|Any CPU
		{D692B2FA-8704-40AD-A87A-0F745EBA253D}.Debug|Any CPU.ActiveCfg = Debug|Any CPU
		{D692B2FA-8704-40AD-A87A-0F745EBA253D}.Debug|Any CPU.Build.0 = Debug|Any CPU
		{D692B2FA-8704-40AD-A87A-0F745EBA253D}.Release|Any CPU.ActiveCfg = Release|Any CPU
		{D692B2FA-8704-40AD-A87A-0F745EBA253D}.Release|Any CPU.Build.0 = Release|Any CPU
		{F3FB1A56-E59E-4D77-8F59-F54315567DB2}.Debug|Any CPU.ActiveCfg = Debug|Any CPU
		{F3FB1A56-E59E-4D77-8F59-F54315567DB2}.Debug|Any CPU.Build.0 = Debug|Any CPU
		{F3FB1A56-E59E-4D77-8F59-F54315567DB2}.Release|Any CPU.ActiveCfg = Release|Any CPU
		{F3FB1A56-E59E-4D77-8F59-F54315567DB2}.Release|Any CPU.Build.0 = Release|Any CPU
		{59B9E0E6-F99D-48FF-BE9C-1930026C7EAA}.Debug|Any CPU.ActiveCfg = Debug|Any CPU
		{59B9E0E6-F99D-48FF-BE9C-1930026C7EAA}.Debug|Any CPU.Build.0 = Debug|Any CPU
		{59B9E0E6-F99D-48FF-BE9C-1930026C7EAA}.Release|Any CPU.ActiveCfg = Release|Any CPU
		{59B9E0E6-F99D-48FF-BE9C-1930026C7EAA}.Release|Any CPU.Build.0 = Release|Any CPU
		{E091CF0A-5E65-4FBD-882B-2FFFA68F8EA0}.Debug|Any CPU.ActiveCfg = Debug|Any CPU
		{E091CF0A-5E65-4FBD-882B-2FFFA68F8EA0}.Debug|Any CPU.Build.0 = Debug|Any CPU
		{E091CF0A-5E65-4FBD-882B-2FFFA68F8EA0}.Release|Any CPU.ActiveCfg = Release|Any CPU
		{E091CF0A-5E65-4FBD-882B-2FFFA68F8EA0}.Release|Any CPU.Build.0 = Release|Any CPU
		{70BE6AD2-C92E-440F-BB35-79A5262433AF}.Debug|Any CPU.ActiveCfg = Debug|Any CPU
		{70BE6AD2-C92E-440F-BB35-79A5262433AF}.Debug|Any CPU.Build.0 = Debug|Any CPU
		{70BE6AD2-C92E-440F-BB35-79A5262433AF}.Release|Any CPU.ActiveCfg = Release|Any CPU
		{70BE6AD2-C92E-440F-BB35-79A5262433AF}.Release|Any CPU.Build.0 = Release|Any CPU
		{46F71F4C-33A6-4B1E-8FAF-22EE080B2414}.Debug|Any CPU.ActiveCfg = Debug|Any CPU
		{46F71F4C-33A6-4B1E-8FAF-22EE080B2414}.Debug|Any CPU.Build.0 = Debug|Any CPU
		{46F71F4C-33A6-4B1E-8FAF-22EE080B2414}.Release|Any CPU.ActiveCfg = Release|Any CPU
		{46F71F4C-33A6-4B1E-8FAF-22EE080B2414}.Release|Any CPU.Build.0 = Release|Any CPU
	EndGlobalSection
	GlobalSection(SolutionProperties) = preSolution
		HideSolutionNode = FALSE
	EndGlobalSection
	GlobalSection(ExtensibilityGlobals) = postSolution
		SolutionGuid = {D405A3AB-781F-420C-984B-B58D02F968FD}
	EndGlobalSection
EndGlobal
