
Microsoft Visual Studio Solution File, Format Version 12.00
# Visual Studio 15
VisualStudioVersion = 15.0.28307.757
MinimumVisualStudioVersion = 10.0.40219.1
Project("{FAE04EC0-301F-11D3-BF4B-00C04F79EFBC}") = "Task 1_BasicXML", "Task 1_BasicXML\Task 1_BasicXML.csproj", "{E2EC1CE8-94E0-4E8E-8E8E-6C950FFF2FF9}"
EndProject
Project("{FAE04EC0-301F-11D3-BF4B-00C04F79EFBC}") = "Task 1_BasicXML_Tests", "Task 1_BasicXML_Tests\Task 1_BasicXML_Tests.csproj", "{436CEAFD-D723-43C2-BC07-B2512A9278FE}"
EndProject
Project("{FAE04EC0-301F-11D3-BF4B-00C04F79EFBC}") = "Task 1_BasicXML_CA", "Task 1_BasicXML_CA\Task 1_BasicXML_CA.csproj", "{0C4985EE-F792-4B6B-BD05-37BCF9A8D7E6}"
EndProject
Global
	GlobalSection(SolutionConfigurationPlatforms) = preSolution
		Debug|Any CPU = Debug|Any CPU
		Release|Any CPU = Release|Any CPU
	EndGlobalSection
	GlobalSection(ProjectConfigurationPlatforms) = postSolution
		{E2EC1CE8-94E0-4E8E-8E8E-6C950FFF2FF9}.Debug|Any CPU.ActiveCfg = Debug|Any CPU
		{E2EC1CE8-94E0-4E8E-8E8E-6C950FFF2FF9}.Debug|Any CPU.Build.0 = Debug|Any CPU
		{E2EC1CE8-94E0-4E8E-8E8E-6C950FFF2FF9}.Release|Any CPU.ActiveCfg = Release|Any CPU
		{E2EC1CE8-94E0-4E8E-8E8E-6C950FFF2FF9}.Release|Any CPU.Build.0 = Release|Any CPU
		{436CEAFD-D723-43C2-BC07-B2512A9278FE}.Debug|Any CPU.ActiveCfg = Debug|Any CPU
		{436CEAFD-D723-43C2-BC07-B2512A9278FE}.Debug|Any CPU.Build.0 = Debug|Any CPU
		{436CEAFD-D723-43C2-BC07-B2512A9278FE}.Release|Any CPU.ActiveCfg = Release|Any CPU
		{436CEAFD-D723-43C2-BC07-B2512A9278FE}.Release|Any CPU.Build.0 = Release|Any CPU
		{0C4985EE-F792-4B6B-BD05-37BCF9A8D7E6}.Debug|Any CPU.ActiveCfg = Debug|Any CPU
		{0C4985EE-F792-4B6B-BD05-37BCF9A8D7E6}.Debug|Any CPU.Build.0 = Debug|Any CPU
		{0C4985EE-F792-4B6B-BD05-37BCF9A8D7E6}.Release|Any CPU.ActiveCfg = Release|Any CPU
		{0C4985EE-F792-4B6B-BD05-37BCF9A8D7E6}.Release|Any CPU.Build.0 = Release|Any CPU
	EndGlobalSection
	GlobalSection(SolutionProperties) = preSolution
		HideSolutionNode = FALSE
	EndGlobalSection
	GlobalSection(ExtensibilityGlobals) = postSolution
		SolutionGuid = {0D33C41E-7A59-4A51-A2AB-A3A712984F7C}
	EndGlobalSection
EndGlobal
