
Microsoft Visual Studio Solution File, Format Version 12.00
# Visual Studio 15
VisualStudioVersion = 15.0.28307.757
MinimumVisualStudioVersion = 10.0.40219.1
Project("{9A19103F-16F7-4668-BE54-9A1E7A4F7556}") = "Matrix", "Matrix\Matrix.csproj", "{D5F94CB7-522E-49B5-9CAC-EFF13F9D9A07}"
EndProject
Project("{9A19103F-16F7-4668-BE54-9A1E7A4F7556}") = "MatrixTests", "MatrixTests\MatrixTests.csproj", "{CBA51320-D8AB-4DFD-A28B-A8197A07FC83}"
EndProject
Project("{FAE04EC0-301F-11D3-BF4B-00C04F79EFBC}") = "MatrixConsole", "MatrixConsole\MatrixConsole.csproj", "{27BB131A-6D75-4E85-AD65-FE8FE9F1A460}"
EndProject
Global
	GlobalSection(SolutionConfigurationPlatforms) = preSolution
		Debug|Any CPU = Debug|Any CPU
		Release|Any CPU = Release|Any CPU
	EndGlobalSection
	GlobalSection(ProjectConfigurationPlatforms) = postSolution
		{D5F94CB7-522E-49B5-9CAC-EFF13F9D9A07}.Debug|Any CPU.ActiveCfg = Debug|Any CPU
		{D5F94CB7-522E-49B5-9CAC-EFF13F9D9A07}.Debug|Any CPU.Build.0 = Debug|Any CPU
		{D5F94CB7-522E-49B5-9CAC-EFF13F9D9A07}.Release|Any CPU.ActiveCfg = Release|Any CPU
		{D5F94CB7-522E-49B5-9CAC-EFF13F9D9A07}.Release|Any CPU.Build.0 = Release|Any CPU
		{CBA51320-D8AB-4DFD-A28B-A8197A07FC83}.Debug|Any CPU.ActiveCfg = Debug|Any CPU
		{CBA51320-D8AB-4DFD-A28B-A8197A07FC83}.Debug|Any CPU.Build.0 = Debug|Any CPU
		{CBA51320-D8AB-4DFD-A28B-A8197A07FC83}.Release|Any CPU.ActiveCfg = Release|Any CPU
		{CBA51320-D8AB-4DFD-A28B-A8197A07FC83}.Release|Any CPU.Build.0 = Release|Any CPU
		{27BB131A-6D75-4E85-AD65-FE8FE9F1A460}.Debug|Any CPU.ActiveCfg = Debug|Any CPU
		{27BB131A-6D75-4E85-AD65-FE8FE9F1A460}.Debug|Any CPU.Build.0 = Debug|Any CPU
		{27BB131A-6D75-4E85-AD65-FE8FE9F1A460}.Release|Any CPU.ActiveCfg = Release|Any CPU
		{27BB131A-6D75-4E85-AD65-FE8FE9F1A460}.Release|Any CPU.Build.0 = Release|Any CPU
	EndGlobalSection
	GlobalSection(SolutionProperties) = preSolution
		HideSolutionNode = FALSE
	EndGlobalSection
	GlobalSection(ExtensibilityGlobals) = postSolution
		SolutionGuid = {DCEB3D61-0D83-4A4F-BF91-ACCE801AEB55}
	EndGlobalSection
EndGlobal
