
Microsoft Visual Studio Solution File, Format Version 12.00
# Visual Studio 15
VisualStudioVersion = 15.0.28307.757
MinimumVisualStudioVersion = 10.0.40219.1
Project("{9A19103F-16F7-4668-BE54-9A1E7A4F7556}") = "Task2_Book", "Task2_Book\Task2_Book.csproj", "{D638CDD0-13CD-42A3-9A09-052B7AA5CB81}"
EndProject
Project("{FAE04EC0-301F-11D3-BF4B-00C04F79EFBC}") = "Task2_Book_Tests", "Task2_Book_Tests\Task2_Book_Tests.csproj", "{EC4B96FD-CD5D-48F8-A6C6-5A2B04156B96}"
EndProject
Global
	GlobalSection(SolutionConfigurationPlatforms) = preSolution
		Debug|Any CPU = Debug|Any CPU
		Release|Any CPU = Release|Any CPU
	EndGlobalSection
	GlobalSection(ProjectConfigurationPlatforms) = postSolution
		{D638CDD0-13CD-42A3-9A09-052B7AA5CB81}.Debug|Any CPU.ActiveCfg = Debug|Any CPU
		{D638CDD0-13CD-42A3-9A09-052B7AA5CB81}.Debug|Any CPU.Build.0 = Debug|Any CPU
		{D638CDD0-13CD-42A3-9A09-052B7AA5CB81}.Release|Any CPU.ActiveCfg = Release|Any CPU
		{D638CDD0-13CD-42A3-9A09-052B7AA5CB81}.Release|Any CPU.Build.0 = Release|Any CPU
		{EC4B96FD-CD5D-48F8-A6C6-5A2B04156B96}.Debug|Any CPU.ActiveCfg = Debug|Any CPU
		{EC4B96FD-CD5D-48F8-A6C6-5A2B04156B96}.Debug|Any CPU.Build.0 = Debug|Any CPU
		{EC4B96FD-CD5D-48F8-A6C6-5A2B04156B96}.Release|Any CPU.ActiveCfg = Release|Any CPU
		{EC4B96FD-CD5D-48F8-A6C6-5A2B04156B96}.Release|Any CPU.Build.0 = Release|Any CPU
	EndGlobalSection
	GlobalSection(SolutionProperties) = preSolution
		HideSolutionNode = FALSE
	EndGlobalSection
	GlobalSection(ExtensibilityGlobals) = postSolution
		SolutionGuid = {95B87337-1A4C-452E-A5F4-BA3D9E40A90D}
	EndGlobalSection
EndGlobal
